github.com/davecgh/go-spew v1.1.1 h1:vj9j/u1bqnvCEfJOwUhtlOARqs3+rkHYY13jYWTU97c=
github.com/dolthub/maphash v0.0.0-20221220182448-74e1e1ea1577 h1:SegEguMxToBn045KRHLIUlF2/jR7Y2qD6fF+3tdOfvI=
github.com/dolthub/maphash v0.0.0-20221220182448-74e1e1ea1577/go.mod h1:gkg4Ch4CdCDu5h6PMriVLawB7koZ+5ijb9puGMV50a4=
github.com/pmezard/go-difflib v1.0.0 h1:4DBwDE0NGyQoBHbLQYPwSUPoCMWR5BEzIk/f1lZbAQM=
github.com/stretchr/testify v1.8.1 h1:w7B6lhMri9wdJUVmEZPGGhZzrYTPvgJArz7wNPgYKsk=
golang.org/x/exp v0.0.0-20220218215828-6cf2b201936e h1:iWVPgObh6F4UDtjBLK51zsy5UHTPLQwCmsNjCsbKhQ0=
golang.org/x/exp v0.0.0-20220218215828-6cf2b201936e/go.mod h1:lgLbSvA5ygNOMpwM/9anMpWVlVJ7Z+cHWq/eFuinpGE=
golang.org/x/mod v0.6.0-dev.0.20211013180041-c96bc1413d57 h1:LQmS1nU0twXLA96Kt7U9qtHJEbBk3z6Q0V4UXjZkpr4=
golang.org/x/sys v0.0.0-20211019181941-9d821ace8654 h1:id054HUawV2/6IGm2IV8KZQjqtwAOo2CYlOToYqa0d0=
golang.org/x/tools v0.1.8-0.20211029000441-d6a9af8af023 h1:0c3L82FDQ5rt1bjTBlchS8t6RQ6299/+5bWMnRLh+uI=
golang.org/x/xerrors v0.0.0-20200804184101-5ec99f83aff1 h1:go1bK/D/BFZV2I8cIQd1NKEZ+0owSTG1fDTci4IqFcE=
gopkg.in/yaml.v3 v3.0.1 h1:fxVm/GzAzEWqLHuvctI91KS9hhNmmWOoWu0XTYJS7CA=
